
Microsoft Visual Studio Solution File, Format Version 12.00
# Visual Studio Version 17
VisualStudioVersion = 17.8.34309.116
MinimumVisualStudioVersion = 10.0.40219.1
Project("{9A19103F-16F7-4668-BE54-9A1E7A4F7556}") = "Day1", "Day1\Day1.csproj", "{6B5D0EEC-325D-4A45-85EB-67E3DDD06524}"
	ProjectSection(ProjectDependencies) = postProject
		{BB2C30FD-A5FC-4E7C-B407-F11E05B17ED8} = {BB2C30FD-A5FC-4E7C-B407-F11E05B17ED8}
	EndProjectSection
EndProject
Project("{9A19103F-16F7-4668-BE54-9A1E7A4F7556}") = "Advent2023Tests", "Advent2023Tests\Advent2023Tests.csproj", "{E4431EEA-C6DB-45E6-93BC-1EE09DFBEBAF}"
	ProjectSection(ProjectDependencies) = postProject
		{073E3538-0D9E-491F-902A-249C2411AAC6} = {073E3538-0D9E-491F-902A-249C2411AAC6}
		{3DB66B35-BADB-4DE3-866B-1C8E6764A3C4} = {3DB66B35-BADB-4DE3-866B-1C8E6764A3C4}
		{6B5D0EEC-325D-4A45-85EB-67E3DDD06524} = {6B5D0EEC-325D-4A45-85EB-67E3DDD06524}
		{BB2C30FD-A5FC-4E7C-B407-F11E05B17ED8} = {BB2C30FD-A5FC-4E7C-B407-F11E05B17ED8}
	EndProjectSection
EndProject
Project("{9A19103F-16F7-4668-BE54-9A1E7A4F7556}") = "Utility", "Utilities\Utilities\Utility.csproj", "{BB2C30FD-A5FC-4E7C-B407-F11E05B17ED8}"
EndProject
Project("{9A19103F-16F7-4668-BE54-9A1E7A4F7556}") = "Day2", "Day2\Day2.csproj", "{073E3538-0D9E-491F-902A-249C2411AAC6}"
	ProjectSection(ProjectDependencies) = postProject
		{BB2C30FD-A5FC-4E7C-B407-F11E05B17ED8} = {BB2C30FD-A5FC-4E7C-B407-F11E05B17ED8}
	EndProjectSection
EndProject
Project("{9A19103F-16F7-4668-BE54-9A1E7A4F7556}") = "Day3", "Day3\Day3.csproj", "{3DB66B35-BADB-4DE3-866B-1C8E6764A3C4}"
	ProjectSection(ProjectDependencies) = postProject
		{BB2C30FD-A5FC-4E7C-B407-F11E05B17ED8} = {BB2C30FD-A5FC-4E7C-B407-F11E05B17ED8}
	EndProjectSection
EndProject
Project("{9A19103F-16F7-4668-BE54-9A1E7A4F7556}") = "Day4", "Day4\Day4.csproj", "{78ABE6A9-3792-4FFD-BECB-44FB53462148}"
EndProject
Project("{9A19103F-16F7-4668-BE54-9A1E7A4F7556}") = "Day5", "Day5\Day5.csproj", "{EC4908AB-3C91-4E75-B571-2E7D316A2599}"
EndProject
Project("{9A19103F-16F7-4668-BE54-9A1E7A4F7556}") = "Day6", "Day6\Day6.csproj", "{B6A31154-4D0D-4EAC-8B26-F958A238F2E6}"
EndProject
Project("{FAE04EC0-301F-11D3-BF4B-00C04F79EFBC}") = "Day7", "Day7\Day7.csproj", "{8B11103F-4AAD-49A5-9EB8-FED3E5C0AF17}"
EndProject
Global
	GlobalSection(SolutionConfigurationPlatforms) = preSolution
		Debug|Any CPU = Debug|Any CPU
		Release|Any CPU = Release|Any CPU
	EndGlobalSection
	GlobalSection(ProjectConfigurationPlatforms) = postSolution
		{6B5D0EEC-325D-4A45-85EB-67E3DDD06524}.Debug|Any CPU.ActiveCfg = Debug|Any CPU
		{6B5D0EEC-325D-4A45-85EB-67E3DDD06524}.Debug|Any CPU.Build.0 = Debug|Any CPU
		{6B5D0EEC-325D-4A45-85EB-67E3DDD06524}.Release|Any CPU.ActiveCfg = Release|Any CPU
		{6B5D0EEC-325D-4A45-85EB-67E3DDD06524}.Release|Any CPU.Build.0 = Release|Any CPU
		{E4431EEA-C6DB-45E6-93BC-1EE09DFBEBAF}.Debug|Any CPU.ActiveCfg = Debug|Any CPU
		{E4431EEA-C6DB-45E6-93BC-1EE09DFBEBAF}.Debug|Any CPU.Build.0 = Debug|Any CPU
		{E4431EEA-C6DB-45E6-93BC-1EE09DFBEBAF}.Release|Any CPU.ActiveCfg = Release|Any CPU
		{E4431EEA-C6DB-45E6-93BC-1EE09DFBEBAF}.Release|Any CPU.Build.0 = Release|Any CPU
		{BB2C30FD-A5FC-4E7C-B407-F11E05B17ED8}.Debug|Any CPU.ActiveCfg = Debug|Any CPU
		{BB2C30FD-A5FC-4E7C-B407-F11E05B17ED8}.Debug|Any CPU.Build.0 = Debug|Any CPU
		{BB2C30FD-A5FC-4E7C-B407-F11E05B17ED8}.Release|Any CPU.ActiveCfg = Release|Any CPU
		{BB2C30FD-A5FC-4E7C-B407-F11E05B17ED8}.Release|Any CPU.Build.0 = Release|Any CPU
		{073E3538-0D9E-491F-902A-249C2411AAC6}.Debug|Any CPU.ActiveCfg = Debug|Any CPU
		{073E3538-0D9E-491F-902A-249C2411AAC6}.Debug|Any CPU.Build.0 = Debug|Any CPU
		{073E3538-0D9E-491F-902A-249C2411AAC6}.Release|Any CPU.ActiveCfg = Release|Any CPU
		{073E3538-0D9E-491F-902A-249C2411AAC6}.Release|Any CPU.Build.0 = Release|Any CPU
		{3DB66B35-BADB-4DE3-866B-1C8E6764A3C4}.Debug|Any CPU.ActiveCfg = Debug|Any CPU
		{3DB66B35-BADB-4DE3-866B-1C8E6764A3C4}.Debug|Any CPU.Build.0 = Debug|Any CPU
		{3DB66B35-BADB-4DE3-866B-1C8E6764A3C4}.Release|Any CPU.ActiveCfg = Release|Any CPU
		{3DB66B35-BADB-4DE3-866B-1C8E6764A3C4}.Release|Any CPU.Build.0 = Release|Any CPU
		{78ABE6A9-3792-4FFD-BECB-44FB53462148}.Debug|Any CPU.ActiveCfg = Debug|Any CPU
		{78ABE6A9-3792-4FFD-BECB-44FB53462148}.Debug|Any CPU.Build.0 = Debug|Any CPU
		{78ABE6A9-3792-4FFD-BECB-44FB53462148}.Release|Any CPU.ActiveCfg = Release|Any CPU
		{78ABE6A9-3792-4FFD-BECB-44FB53462148}.Release|Any CPU.Build.0 = Release|Any CPU
		{EC4908AB-3C91-4E75-B571-2E7D316A2599}.Debug|Any CPU.ActiveCfg = Debug|Any CPU
		{EC4908AB-3C91-4E75-B571-2E7D316A2599}.Debug|Any CPU.Build.0 = Debug|Any CPU
		{EC4908AB-3C91-4E75-B571-2E7D316A2599}.Release|Any CPU.ActiveCfg = Release|Any CPU
		{EC4908AB-3C91-4E75-B571-2E7D316A2599}.Release|Any CPU.Build.0 = Release|Any CPU
		{B6A31154-4D0D-4EAC-8B26-F958A238F2E6}.Debug|Any CPU.ActiveCfg = Debug|Any CPU
		{B6A31154-4D0D-4EAC-8B26-F958A238F2E6}.Debug|Any CPU.Build.0 = Debug|Any CPU
		{B6A31154-4D0D-4EAC-8B26-F958A238F2E6}.Release|Any CPU.ActiveCfg = Release|Any CPU
		{B6A31154-4D0D-4EAC-8B26-F958A238F2E6}.Release|Any CPU.Build.0 = Release|Any CPU
		{8B11103F-4AAD-49A5-9EB8-FED3E5C0AF17}.Debug|Any CPU.ActiveCfg = Debug|Any CPU
		{8B11103F-4AAD-49A5-9EB8-FED3E5C0AF17}.Debug|Any CPU.Build.0 = Debug|Any CPU
		{8B11103F-4AAD-49A5-9EB8-FED3E5C0AF17}.Release|Any CPU.ActiveCfg = Release|Any CPU
		{8B11103F-4AAD-49A5-9EB8-FED3E5C0AF17}.Release|Any CPU.Build.0 = Release|Any CPU
	EndGlobalSection
	GlobalSection(SolutionProperties) = preSolution
		HideSolutionNode = FALSE
	EndGlobalSection
	GlobalSection(ExtensibilityGlobals) = postSolution
		SolutionGuid = {0BC84472-CACA-49EA-9313-2517C32F602E}
	EndGlobalSection
EndGlobal
