
Microsoft Visual Studio Solution File, Format Version 12.00
# Visual Studio Version 17
VisualStudioVersion = 17.4.33403.182
MinimumVisualStudioVersion = 10.0.40219.1
Project("{FAE04EC0-301F-11D3-BF4B-00C04F79EFBC}") = "Day4Challenge2", "Day4Challenge2.csproj", "{FD4B9C30-DC8B-43B2-96A9-F896983AE145}"
EndProject
Global
	GlobalSection(SolutionConfigurationPlatforms) = preSolution
		Debug|Any CPU = Debug|Any CPU
		Release|Any CPU = Release|Any CPU
	EndGlobalSection
	GlobalSection(ProjectConfigurationPlatforms) = postSolution
		{FD4B9C30-DC8B-43B2-96A9-F896983AE145}.Debug|Any CPU.ActiveCfg = Debug|Any CPU
		{FD4B9C30-DC8B-43B2-96A9-F896983AE145}.Debug|Any CPU.Build.0 = Debug|Any CPU
		{FD4B9C30-DC8B-43B2-96A9-F896983AE145}.Release|Any CPU.ActiveCfg = Release|Any CPU
		{FD4B9C30-DC8B-43B2-96A9-F896983AE145}.Release|Any CPU.Build.0 = Release|Any CPU
	EndGlobalSection
	GlobalSection(SolutionProperties) = preSolution
		HideSolutionNode = FALSE
	EndGlobalSection
	GlobalSection(ExtensibilityGlobals) = postSolution
		SolutionGuid = {C86023F3-27DC-4F35-AE1F-D9892B226280}
	EndGlobalSection
EndGlobal
