
Microsoft Visual Studio Solution File, Format Version 12.00
# Visual Studio Version 17
VisualStudioVersion = 17.5.33530.505
MinimumVisualStudioVersion = 10.0.40219.1
Project("{FAE04EC0-301F-11D3-BF4B-00C04F79EFBC}") = "Day6", "Day6.csproj", "{59761726-5D1E-4B6F-8719-4E02425C9AFD}"
EndProject
Global
	GlobalSection(SolutionConfigurationPlatforms) = preSolution
		Debug|Any CPU = Debug|Any CPU
		Release|Any CPU = Release|Any CPU
	EndGlobalSection
	GlobalSection(ProjectConfigurationPlatforms) = postSolution
		{59761726-5D1E-4B6F-8719-4E02425C9AFD}.Debug|Any CPU.ActiveCfg = Debug|Any CPU
		{59761726-5D1E-4B6F-8719-4E02425C9AFD}.Debug|Any CPU.Build.0 = Debug|Any CPU
		{59761726-5D1E-4B6F-8719-4E02425C9AFD}.Release|Any CPU.ActiveCfg = Release|Any CPU
		{59761726-5D1E-4B6F-8719-4E02425C9AFD}.Release|Any CPU.Build.0 = Release|Any CPU
	EndGlobalSection
	GlobalSection(SolutionProperties) = preSolution
		HideSolutionNode = FALSE
	EndGlobalSection
	GlobalSection(ExtensibilityGlobals) = postSolution
		SolutionGuid = {18C2316E-7627-4092-B8EA-A97C76069748}
	EndGlobalSection
EndGlobal
