
Microsoft Visual Studio Solution File, Format Version 12.00
# Visual Studio Version 17
VisualStudioVersion = 17.1.32210.238
MinimumVisualStudioVersion = 10.0.40219.1
Project("{FAE04EC0-301F-11D3-BF4B-00C04F79EFBC}") = "Day3_challenge1_newmethods", "Day3_challenge1_newmethods.csproj", "{1AE21931-F0AB-484B-BA18-7629C7C6AD21}"
EndProject
Global
	GlobalSection(SolutionConfigurationPlatforms) = preSolution
		Debug|Any CPU = Debug|Any CPU
		Release|Any CPU = Release|Any CPU
	EndGlobalSection
	GlobalSection(ProjectConfigurationPlatforms) = postSolution
		{1AE21931-F0AB-484B-BA18-7629C7C6AD21}.Debug|Any CPU.ActiveCfg = Debug|Any CPU
		{1AE21931-F0AB-484B-BA18-7629C7C6AD21}.Debug|Any CPU.Build.0 = Debug|Any CPU
		{1AE21931-F0AB-484B-BA18-7629C7C6AD21}.Release|Any CPU.ActiveCfg = Release|Any CPU
		{1AE21931-F0AB-484B-BA18-7629C7C6AD21}.Release|Any CPU.Build.0 = Release|Any CPU
	EndGlobalSection
	GlobalSection(SolutionProperties) = preSolution
		HideSolutionNode = FALSE
	EndGlobalSection
	GlobalSection(ExtensibilityGlobals) = postSolution
		SolutionGuid = {56C369E2-532A-4F0F-A249-171401D0146E}
	EndGlobalSection
EndGlobal
