
Microsoft Visual Studio Solution File, Format Version 12.00
# Visual Studio Version 17
VisualStudioVersion = 17.1.32210.238
MinimumVisualStudioVersion = 10.0.40219.1
Project("{FAE04EC0-301F-11D3-BF4B-00C04F79EFBC}") = "Day3_Challenge1_v4", "Day3_Challenge1_v4.csproj", "{16E0BA2B-D481-48F3-9524-AD060A3DDE58}"
EndProject
Global
	GlobalSection(SolutionConfigurationPlatforms) = preSolution
		Debug|Any CPU = Debug|Any CPU
		Release|Any CPU = Release|Any CPU
	EndGlobalSection
	GlobalSection(ProjectConfigurationPlatforms) = postSolution
		{16E0BA2B-D481-48F3-9524-AD060A3DDE58}.Debug|Any CPU.ActiveCfg = Debug|Any CPU
		{16E0BA2B-D481-48F3-9524-AD060A3DDE58}.Debug|Any CPU.Build.0 = Debug|Any CPU
		{16E0BA2B-D481-48F3-9524-AD060A3DDE58}.Release|Any CPU.ActiveCfg = Release|Any CPU
		{16E0BA2B-D481-48F3-9524-AD060A3DDE58}.Release|Any CPU.Build.0 = Release|Any CPU
	EndGlobalSection
	GlobalSection(SolutionProperties) = preSolution
		HideSolutionNode = FALSE
	EndGlobalSection
	GlobalSection(ExtensibilityGlobals) = postSolution
		SolutionGuid = {A00781C9-801D-4FA8-828A-A948016EEA3F}
	EndGlobalSection
EndGlobal
