
Microsoft Visual Studio Solution File, Format Version 12.00
# Visual Studio Version 17
VisualStudioVersion = 17.5.33627.172
MinimumVisualStudioVersion = 10.0.40219.1
Project("{FAE04EC0-301F-11D3-BF4B-00C04F79EFBC}") = "Day7", "Day7.csproj", "{7A7F57B2-64DD-4C3C-9DBB-C6323E2B85EA}"
EndProject
Global
	GlobalSection(SolutionConfigurationPlatforms) = preSolution
		Debug|Any CPU = Debug|Any CPU
		Release|Any CPU = Release|Any CPU
	EndGlobalSection
	GlobalSection(ProjectConfigurationPlatforms) = postSolution
		{7A7F57B2-64DD-4C3C-9DBB-C6323E2B85EA}.Debug|Any CPU.ActiveCfg = Debug|Any CPU
		{7A7F57B2-64DD-4C3C-9DBB-C6323E2B85EA}.Debug|Any CPU.Build.0 = Debug|Any CPU
		{7A7F57B2-64DD-4C3C-9DBB-C6323E2B85EA}.Release|Any CPU.ActiveCfg = Release|Any CPU
		{7A7F57B2-64DD-4C3C-9DBB-C6323E2B85EA}.Release|Any CPU.Build.0 = Release|Any CPU
	EndGlobalSection
	GlobalSection(SolutionProperties) = preSolution
		HideSolutionNode = FALSE
	EndGlobalSection
	GlobalSection(ExtensibilityGlobals) = postSolution
		SolutionGuid = {D0E28E55-29A2-4C36-9428-051BB1B71163}
	EndGlobalSection
EndGlobal
