
Microsoft Visual Studio Solution File, Format Version 12.00
# Visual Studio Version 17
VisualStudioVersion = 17.1.32210.238
MinimumVisualStudioVersion = 10.0.40219.1
Project("{FAE04EC0-301F-11D3-BF4B-00C04F79EFBC}") = "NONETFRAMEWORK", "NONETFRAMEWORK.csproj", "{AA006465-FA8A-4651-AC59-817BF24C9B0F}"
EndProject
Global
	GlobalSection(SolutionConfigurationPlatforms) = preSolution
		Debug|Any CPU = Debug|Any CPU
		Release|Any CPU = Release|Any CPU
	EndGlobalSection
	GlobalSection(ProjectConfigurationPlatforms) = postSolution
		{AA006465-FA8A-4651-AC59-817BF24C9B0F}.Debug|Any CPU.ActiveCfg = Debug|Any CPU
		{AA006465-FA8A-4651-AC59-817BF24C9B0F}.Debug|Any CPU.Build.0 = Debug|Any CPU
		{AA006465-FA8A-4651-AC59-817BF24C9B0F}.Release|Any CPU.ActiveCfg = Release|Any CPU
		{AA006465-FA8A-4651-AC59-817BF24C9B0F}.Release|Any CPU.Build.0 = Release|Any CPU
	EndGlobalSection
	GlobalSection(SolutionProperties) = preSolution
		HideSolutionNode = FALSE
	EndGlobalSection
	GlobalSection(ExtensibilityGlobals) = postSolution
		SolutionGuid = {87252B57-3C53-4B10-8334-A3C279C19828}
	EndGlobalSection
EndGlobal
